
Microsoft Visual Studio Solution File, Format Version 12.00
# Visual Studio Version 16
VisualStudioVersion = 16.0.30204.135
MinimumVisualStudioVersion = 10.0.40219.1
Project("{FAE04EC0-301F-11D3-BF4B-00C04F79EFBC}") = "SingletonDLL", "SingletonDLL\SingletonDLL.csproj", "{A1AD39D9-32ED-4666-BEC7-0B2D805DFBCB}"
EndProject
Project("{FAE04EC0-301F-11D3-BF4B-00C04F79EFBC}") = "ThreadTimerDLL", "ThreadTimerDLL\ThreadTimerDLL.csproj", "{97D887AB-0158-417B-8DB8-380F77AA0537}"
EndProject
Global
	GlobalSection(SolutionConfigurationPlatforms) = preSolution
		Debug|Any CPU = Debug|Any CPU
		Release|Any CPU = Release|Any CPU
	EndGlobalSection
	GlobalSection(ProjectConfigurationPlatforms) = postSolution
		{A1AD39D9-32ED-4666-BEC7-0B2D805DFBCB}.Debug|Any CPU.ActiveCfg = Debug|Any CPU
		{A1AD39D9-32ED-4666-BEC7-0B2D805DFBCB}.Debug|Any CPU.Build.0 = Debug|Any CPU
		{A1AD39D9-32ED-4666-BEC7-0B2D805DFBCB}.Release|Any CPU.ActiveCfg = Release|Any CPU
		{A1AD39D9-32ED-4666-BEC7-0B2D805DFBCB}.Release|Any CPU.Build.0 = Release|Any CPU
		{97D887AB-0158-417B-8DB8-380F77AA0537}.Debug|Any CPU.ActiveCfg = Debug|Any CPU
		{97D887AB-0158-417B-8DB8-380F77AA0537}.Debug|Any CPU.Build.0 = Debug|Any CPU
		{97D887AB-0158-417B-8DB8-380F77AA0537}.Release|Any CPU.ActiveCfg = Release|Any CPU
		{97D887AB-0158-417B-8DB8-380F77AA0537}.Release|Any CPU.Build.0 = Release|Any CPU
	EndGlobalSection
	GlobalSection(SolutionProperties) = preSolution
		HideSolutionNode = FALSE
	EndGlobalSection
	GlobalSection(ExtensibilityGlobals) = postSolution
		SolutionGuid = {66B31931-01DD-4D43-85EA-F800D2D78EDA}
	EndGlobalSection
EndGlobal
